{
  "object": {
    "pins": [
      {
        "package": "Bolt",
        "repositoryURL": "https://github.com/Neo4j-Swift/Bolt-swift.git",
        "state": {
          "branch": "master",
          "revision": "eb6cec91e458ddaf819b403bbf29fe5a318a6f30",
          "version": null
        }
      },
      {
        "package": "Commandant",
        "repositoryURL": "https://github.com/Carthage/Commandant.git",
        "state": {
          "branch": null,
          "revision": "2cd0210f897fe46c6ce42f52ccfa72b3bbb621a0",
          "version": "0.16.0"
        }
      },
      {
        "package": "Theo",
        "repositoryURL": "https://github.com/Neo4j-Swift/Neo4j-Swift.git",
        "state": {
          "branch": "master",
          "revision": "afdf04420899951d927188edf9d12cdf2dd05c68",
          "version": null
        }
      },
      {
        "package": "Nimble",
        "repositoryURL": "https://github.com/Quick/Nimble.git",
        "state": {
          "branch": null,
          "revision": "43304bf2b1579fd555f2fdd51742771c1e4f2b98",
          "version": "8.0.1"
        }
      },
      {
        "package": "PackStream",
        "repositoryURL": "https://github.com/Neo4j-Swift/PackStream-swift.git",
        "state": {
          "branch": null,
          "revision": "8befde3d9ea6cf2561d0fd7aeef96c3ff11751d4",
          "version": "1.1.2"
        }
      },
      {
        "package": "Quick",
        "repositoryURL": "https://github.com/Quick/Quick.git",
        "state": {
          "branch": null,
          "revision": "94df9b449508344667e5afc7e80f8bcbff1e4c37",
          "version": "2.1.0"
        }
      },
      {
        "package": "Result",
        "repositoryURL": "https://github.com/antitypical/Result.git",
        "state": {
          "branch": null,
          "revision": "2ca499ba456795616fbc471561ff1d963e6ae160",
          "version": "4.1.0"
        }
      },
      {
        "package": "SourceKitten",
        "repositoryURL": "https://github.com/jpsim/SourceKitten.git",
        "state": {
          "branch": null,
          "revision": "4870ca3e99887a7cd05dd3ba0ac9c5831922e1f3",
          "version": "0.23.1"
        }
      },
      {
        "package": "swift-argument-parser",
        "repositoryURL": "https://github.com/apple/swift-argument-parser",
        "state": {
          "branch": null,
          "revision": "92646c0cdbaca076c8d3d0207891785b3379cbff",
          "version": "0.3.1"
        }
      },
      {
        "package": "swift-nio",
        "repositoryURL": "https://github.com/apple/swift-nio.git",
        "state": {
          "branch": null,
          "revision": "96db8838be60fcbb993fa738e1120fb7f4b99c43",
          "version": "2.22.1"
        }
      },
      {
        "package": "swift-nio-ssl",
        "repositoryURL": "https://github.com/apple/swift-nio-ssl.git",
        "state": {
          "branch": null,
          "revision": "ea1dfd64193bf5af4490635a4a44c4fb43b1e1ae",
          "version": "2.9.1"
        }
      },
      {
        "package": "swift-nio-transport-services",
        "repositoryURL": "https://github.com/apple/swift-nio-transport-services.git",
        "state": {
          "branch": null,
          "revision": "bb56586c4cab9a79dce6ec4738baddb5802c5de7",
          "version": "1.9.0"
        }
      },
      {
        "package": "SWXMLHash",
        "repositoryURL": "https://github.com/drmohundro/SWXMLHash.git",
        "state": {
          "branch": null,
          "revision": "f43166a8e18fdd0857f29e303b1bb79a5428bca0",
          "version": "4.9.0"
        }
      },
      {
        "package": "Yams",
        "repositoryURL": "https://github.com/jpsim/Yams.git",
        "state": {
          "branch": null,
          "revision": "c947a306d2e80ecb2c0859047b35c73b8e1ca27f",
          "version": "2.0.0"
        }
      }
    ]
  },
  "version": 1
}
