{
  "object": {
    "pins": [
      {
        "package": "Bolt",
        "repositoryURL": "https://github.com/Neo4j-Swift/Bolt-swift.git",
        "state": {
          "branch": null,
          "revision": "9858a43c9a26373d64069a6f046db5ab45db4cb0",
          "version": "5.2.0"
        }
      },
      {
        "package": "Theo",
        "repositoryURL": "https://github.com/Neo4j-Swift/Neo4j-Swift.git",
        "state": {
          "branch": "master",
          "revision": "afdf04420899951d927188edf9d12cdf2dd05c68",
          "version": null
        }
      },
      {
        "package": "PackStream",
        "repositoryURL": "https://github.com/Neo4j-Swift/PackStream-swift.git",
        "state": {
          "branch": null,
          "revision": "8befde3d9ea6cf2561d0fd7aeef96c3ff11751d4",
          "version": "1.1.2"
        }
      },
      {
        "package": "SourceKitten",
        "repositoryURL": "https://github.com/jpsim/SourceKitten.git",
        "state": {
          "branch": null,
          "revision": "558628392eb31d37cb251cfe626c53eafd330df6",
          "version": "0.31.1"
        }
      },
      {
        "package": "swift-argument-parser",
        "repositoryURL": "https://github.com/apple/swift-argument-parser",
        "state": {
          "branch": null,
          "revision": "e394bf350e38cb100b6bc4172834770ede1b7232",
          "version": "1.0.3"
        }
      },
      {
        "package": "swift-nio",
        "repositoryURL": "https://github.com/apple/swift-nio.git",
        "state": {
          "branch": null,
          "revision": "51c3fc2e4a0fcdf4a25089b288dd65b73df1b0ef",
          "version": "2.37.0"
        }
      },
      {
        "package": "swift-nio-ssl",
        "repositoryURL": "https://github.com/apple/swift-nio-ssl.git",
        "state": {
          "branch": null,
          "revision": "52a486ff6de9bc3e26bf634c5413c41c5fa89ca5",
          "version": "2.17.2"
        }
      },
      {
        "package": "swift-nio-transport-services",
        "repositoryURL": "https://github.com/apple/swift-nio-transport-services.git",
        "state": {
          "branch": null,
          "revision": "8ab824b140d0ebcd87e9149266ddc353e3705a3e",
          "version": "1.11.4"
        }
      },
      {
        "package": "SWXMLHash",
        "repositoryURL": "https://github.com/drmohundro/SWXMLHash.git",
        "state": {
          "branch": null,
          "revision": "9183170d20857753d4f331b0ca63f73c60764bf3",
          "version": "5.0.2"
        }
      },
      {
        "package": "Yams",
        "repositoryURL": "https://github.com/jpsim/Yams.git",
        "state": {
          "branch": null,
          "revision": "9ff1cc9327586db4e0c8f46f064b6a82ec1566fa",
          "version": "4.0.6"
        }
      }
    ]
  },
  "version": 1
}
